// !$*UTF8*$!
{
	archiveVersion = 1;
	classes = {
	};
	objectVersion = 50;
	objects = {

/* Begin PBXBuildFile section */
		AD8B4F5E23633358004AEC0E /* AppDelegate.swift in Sources */ = {isa = PBXBuildFile; fileRef = AD8B4F5D23633358004AEC0E /* AppDelegate.swift */; };
		AD8B4F6023633358004AEC0E /* SceneDelegate.swift in Sources */ = {isa = PBXBuildFile; fileRef = AD8B4F5F23633358004AEC0E /* SceneDelegate.swift */; };
		AD8B4F6223633358004AEC0E /* SideMenuView.swift in Sources */ = {isa = PBXBuildFile; fileRef = AD8B4F6123633358004AEC0E /* SideMenuView.swift */; };
		AD8B4F642363335A004AEC0E /* Assets.xcassets in Resources */ = {isa = PBXBuildFile; fileRef = AD8B4F632363335A004AEC0E /* Assets.xcassets */; };
		AD8B4F672363335A004AEC0E /* Preview Assets.xcassets in Resources */ = {isa = PBXBuildFile; fileRef = AD8B4F662363335A004AEC0E /* Preview Assets.xcassets */; };
		AD8B4F6A2363335A004AEC0E /* LaunchScreen.storyboard in Resources */ = {isa = PBXBuildFile; fileRef = AD8B4F682363335A004AEC0E /* LaunchScreen.storyboard */; };
		AD8B4F752363335A004AEC0E /* TodoTests.swift in Sources */ = {isa = PBXBuildFile; fileRef = AD8B4F742363335A004AEC0E /* TodoTests.swift */; };
		AD8B4F802363335A004AEC0E /* TodoUITests.swift in Sources */ = {isa = PBXBuildFile; fileRef = AD8B4F7F2363335A004AEC0E /* TodoUITests.swift */; };
		AD8B4F8F23633410004AEC0E /* Task.swift in Sources */ = {isa = PBXBuildFile; fileRef = AD8B4F8E23633410004AEC0E /* Task.swift */; };
		AD8B4F9123634CD1004AEC0E /* TodoList.swift in Sources */ = {isa = PBXBuildFile; fileRef = AD8B4F9023634CD1004AEC0E /* TodoList.swift */; };
		AD8B4F9423634E64004AEC0E /* DashboardView.swift in Sources */ = {isa = PBXBuildFile; fileRef = AD8B4F9323634E64004AEC0E /* DashboardView.swift */; };
		AD8B4F9623634EE6004AEC0E /* TaskView.swift in Sources */ = {isa = PBXBuildFile; fileRef = AD8B4F9523634EE6004AEC0E /* TaskView.swift */; };
		AD8B4F9823634EFF004AEC0E /* SettingsView.swift in Sources */ = {isa = PBXBuildFile; fileRef = AD8B4F9723634EFF004AEC0E /* SettingsView.swift */; };
		AD8B4F9A23643753004AEC0E /* SideMenuContentView.swift in Sources */ = {isa = PBXBuildFile; fileRef = AD8B4F9923643753004AEC0E /* SideMenuContentView.swift */; };
		AD8B4F9C23643BB5004AEC0E /* MainView.swift in Sources */ = {isa = PBXBuildFile; fileRef = AD8B4F9B23643BB5004AEC0E /* MainView.swift */; };
/* End PBXBuildFile section */

/* Begin PBXContainerItemProxy section */
		AD8B4F712363335A004AEC0E /* PBXContainerItemProxy */ = {
			isa = PBXContainerItemProxy;
			containerPortal = AD8B4F5223633358004AEC0E /* Project object */;
			proxyType = 1;
			remoteGlobalIDString = AD8B4F5923633358004AEC0E;
			remoteInfo = Todo;
		};
		AD8B4F7C2363335A004AEC0E /* PBXContainerItemProxy */ = {
			isa = PBXContainerItemProxy;
			containerPortal = AD8B4F5223633358004AEC0E /* Project object */;
			proxyType = 1;
			remoteGlobalIDString = AD8B4F5923633358004AEC0E;
			remoteInfo = Todo;
		};
/* End PBXContainerItemProxy section */

/* Begin PBXFileReference section */
		AD8B4F5A23633358004AEC0E /* Todo.app */ = {isa = PBXFileReference; explicitFileType = wrapper.application; includeInIndex = 0; path = Todo.app; sourceTree = BUILT_PRODUCTS_DIR; };
		AD8B4F5D23633358004AEC0E /* AppDelegate.swift */ = {isa = PBXFileReference; lastKnownFileType = sourcecode.swift; path = AppDelegate.swift; sourceTree = "<group>"; };
		AD8B4F5F23633358004AEC0E /* SceneDelegate.swift */ = {isa = PBXFileReference; lastKnownFileType = sourcecode.swift; path = SceneDelegate.swift; sourceTree = "<group>"; };
		AD8B4F6123633358004AEC0E /* SideMenuView.swift */ = {isa = PBXFileReference; lastKnownFileType = sourcecode.swift; path = SideMenuView.swift; sourceTree = "<group>"; };
		AD8B4F632363335A004AEC0E /* Assets.xcassets */ = {isa = PBXFileReference; lastKnownFileType = folder.assetcatalog; path = Assets.xcassets; sourceTree = "<group>"; };
		AD8B4F662363335A004AEC0E /* Preview Assets.xcassets */ = {isa = PBXFileReference; lastKnownFileType = folder.assetcatalog; path = "Preview Assets.xcassets"; sourceTree = "<group>"; };
		AD8B4F692363335A004AEC0E /* Base */ = {isa = PBXFileReference; lastKnownFileType = file.storyboard; name = Base; path = Base.lproj/LaunchScreen.storyboard; sourceTree = "<group>"; };
		AD8B4F6B2363335A004AEC0E /* Info.plist */ = {isa = PBXFileReference; lastKnownFileType = text.plist.xml; path = Info.plist; sourceTree = "<group>"; };
		AD8B4F702363335A004AEC0E /* TodoTests.xctest */ = {isa = PBXFileReference; explicitFileType = wrapper.cfbundle; includeInIndex = 0; path = TodoTests.xctest; sourceTree = BUILT_PRODUCTS_DIR; };
		AD8B4F742363335A004AEC0E /* TodoTests.swift */ = {isa = PBXFileReference; lastKnownFileType = sourcecode.swift; path = TodoTests.swift; sourceTree = "<group>"; };
		AD8B4F762363335A004AEC0E /* Info.plist */ = {isa = PBXFileReference; lastKnownFileType = text.plist.xml; path = Info.plist; sourceTree = "<group>"; };
		AD8B4F7B2363335A004AEC0E /* TodoUITests.xctest */ = {isa = PBXFileReference; explicitFileType = wrapper.cfbundle; includeInIndex = 0; path = TodoUITests.xctest; sourceTree = BUILT_PRODUCTS_DIR; };
		AD8B4F7F2363335A004AEC0E /* TodoUITests.swift */ = {isa = PBXFileReference; lastKnownFileType = sourcecode.swift; path = TodoUITests.swift; sourceTree = "<group>"; };
		AD8B4F812363335A004AEC0E /* Info.plist */ = {isa = PBXFileReference; lastKnownFileType = text.plist.xml; path = Info.plist; sourceTree = "<group>"; };
		AD8B4F8E23633410004AEC0E /* Task.swift */ = {isa = PBXFileReference; lastKnownFileType = sourcecode.swift; path = Task.swift; sourceTree = "<group>"; };
		AD8B4F9023634CD1004AEC0E /* TodoList.swift */ = {isa = PBXFileReference; lastKnownFileType = sourcecode.swift; path = TodoList.swift; sourceTree = "<group>"; };
		AD8B4F9323634E64004AEC0E /* DashboardView.swift */ = {isa = PBXFileReference; lastKnownFileType = sourcecode.swift; path = DashboardView.swift; sourceTree = "<group>"; };
		AD8B4F9523634EE6004AEC0E /* TaskView.swift */ = {isa = PBXFileReference; lastKnownFileType = sourcecode.swift; path = TaskView.swift; sourceTree = "<group>"; };
		AD8B4F9723634EFF004AEC0E /* SettingsView.swift */ = {isa = PBXFileReference; lastKnownFileType = sourcecode.swift; path = SettingsView.swift; sourceTree = "<group>"; };
		AD8B4F9923643753004AEC0E /* SideMenuContentView.swift */ = {isa = PBXFileReference; lastKnownFileType = sourcecode.swift; path = SideMenuContentView.swift; sourceTree = "<group>"; };
		AD8B4F9B23643BB5004AEC0E /* MainView.swift */ = {isa = PBXFileReference; lastKnownFileType = sourcecode.swift; path = MainView.swift; sourceTree = "<group>"; };
/* End PBXFileReference section */

/* Begin PBXFrameworksBuildPhase section */
		AD8B4F5723633358004AEC0E /* Frameworks */ = {
			isa = PBXFrameworksBuildPhase;
			buildActionMask = 2147483647;
			files = (
			);
			runOnlyForDeploymentPostprocessing = 0;
		};
		AD8B4F6D2363335A004AEC0E /* Frameworks */ = {
			isa = PBXFrameworksBuildPhase;
			buildActionMask = 2147483647;
			files = (
			);
			runOnlyForDeploymentPostprocessing = 0;
		};
		AD8B4F782363335A004AEC0E /* Frameworks */ = {
			isa = PBXFrameworksBuildPhase;
			buildActionMask = 2147483647;
			files = (
			);
			runOnlyForDeploymentPostprocessing = 0;
		};
/* End PBXFrameworksBuildPhase section */

/* Begin PBXGroup section */
		AD8B4F5123633358004AEC0E = {
			isa = PBXGroup;
			children = (
				AD8B4F5C23633358004AEC0E /* Todo */,
				AD8B4F732363335A004AEC0E /* TodoTests */,
				AD8B4F7E2363335A004AEC0E /* TodoUITests */,
				AD8B4F5B23633358004AEC0E /* Products */,
			);
			sourceTree = "<group>";
		};
		AD8B4F5B23633358004AEC0E /* Products */ = {
			isa = PBXGroup;
			children = (
				AD8B4F5A23633358004AEC0E /* Todo.app */,
				AD8B4F702363335A004AEC0E /* TodoTests.xctest */,
				AD8B4F7B2363335A004AEC0E /* TodoUITests.xctest */,
			);
			name = Products;
			sourceTree = "<group>";
		};
		AD8B4F5C23633358004AEC0E /* Todo */ = {
			isa = PBXGroup;
			children = (
				AD8B4F9223634D73004AEC0E /* Views */,
				AD8B4F8D236333E7004AEC0E /* Model */,
				AD8B4F5D23633358004AEC0E /* AppDelegate.swift */,
				AD8B4F5F23633358004AEC0E /* SceneDelegate.swift */,
				AD8B4F632363335A004AEC0E /* Assets.xcassets */,
				AD8B4F682363335A004AEC0E /* LaunchScreen.storyboard */,
				AD8B4F6B2363335A004AEC0E /* Info.plist */,
				AD8B4F652363335A004AEC0E /* Preview Content */,
			);
			path = Todo;
			sourceTree = "<group>";
		};
		AD8B4F652363335A004AEC0E /* Preview Content */ = {
			isa = PBXGroup;
			children = (
				AD8B4F662363335A004AEC0E /* Preview Assets.xcassets */,
			);
			path = "Preview Content";
			sourceTree = "<group>";
		};
		AD8B4F732363335A004AEC0E /* TodoTests */ = {
			isa = PBXGroup;
			children = (
				AD8B4F742363335A004AEC0E /* TodoTests.swift */,
				AD8B4F762363335A004AEC0E /* Info.plist */,
			);
			path = TodoTests;
			sourceTree = "<group>";
		};
		AD8B4F7E2363335A004AEC0E /* TodoUITests */ = {
			isa = PBXGroup;
			children = (
				AD8B4F7F2363335A004AEC0E /* TodoUITests.swift */,
				AD8B4F812363335A004AEC0E /* Info.plist */,
			);
			path = TodoUITests;
			sourceTree = "<group>";
		};
		AD8B4F8D236333E7004AEC0E /* Model */ = {
			isa = PBXGroup;
			children = (
				AD8B4F8E23633410004AEC0E /* Task.swift */,
				AD8B4F9023634CD1004AEC0E /* TodoList.swift */,
			);
			name = Model;
			sourceTree = "<group>";
		};
		AD8B4F9223634D73004AEC0E /* Views */ = {
			isa = PBXGroup;
			children = (
				AD8B4F6123633358004AEC0E /* SideMenuView.swift */,
				AD8B4F9323634E64004AEC0E /* DashboardView.swift */,
				AD8B4F9523634EE6004AEC0E /* TaskView.swift */,
				AD8B4F9723634EFF004AEC0E /* SettingsView.swift */,
				AD8B4F9923643753004AEC0E /* SideMenuContentView.swift */,
				AD8B4F9B23643BB5004AEC0E /* MainView.swift */,
			);
			name = Views;
			sourceTree = "<group>";
		};
/* End PBXGroup section */

/* Begin PBXNativeTarget section */
		AD8B4F5923633358004AEC0E /* Todo */ = {
			isa = PBXNativeTarget;
			buildConfigurationList = AD8B4F842363335A004AEC0E /* Build configuration list for PBXNativeTarget "Todo" */;
			buildPhases = (
				AD8B4F5623633358004AEC0E /* Sources */,
				AD8B4F5723633358004AEC0E /* Frameworks */,
				AD8B4F5823633358004AEC0E /* Resources */,
			);
			buildRules = (
			);
			dependencies = (
			);
			name = Todo;
			productName = Todo;
			productReference = AD8B4F5A23633358004AEC0E /* Todo.app */;
			productType = "com.apple.product-type.application";
		};
		AD8B4F6F2363335A004AEC0E /* TodoTests */ = {
			isa = PBXNativeTarget;
			buildConfigurationList = AD8B4F872363335A004AEC0E /* Build configuration list for PBXNativeTarget "TodoTests" */;
			buildPhases = (
				AD8B4F6C2363335A004AEC0E /* Sources */,
				AD8B4F6D2363335A004AEC0E /* Frameworks */,
				AD8B4F6E2363335A004AEC0E /* Resources */,
			);
			buildRules = (
			);
			dependencies = (
				AD8B4F722363335A004AEC0E /* PBXTargetDependency */,
			);
			name = TodoTests;
			productName = TodoTests;
			productReference = AD8B4F702363335A004AEC0E /* TodoTests.xctest */;
			productType = "com.apple.product-type.bundle.unit-test";
		};
		AD8B4F7A2363335A004AEC0E /* TodoUITests */ = {
			isa = PBXNativeTarget;
			buildConfigurationList = AD8B4F8A2363335A004AEC0E /* Build configuration list for PBXNativeTarget "TodoUITests" */;
			buildPhases = (
				AD8B4F772363335A004AEC0E /* Sources */,
				AD8B4F782363335A004AEC0E /* Frameworks */,
				AD8B4F792363335A004AEC0E /* Resources */,
			);
			buildRules = (
			);
			dependencies = (
				AD8B4F7D2363335A004AEC0E /* PBXTargetDependency */,
			);
			name = TodoUITests;
			productName = TodoUITests;
			productReference = AD8B4F7B2363335A004AEC0E /* TodoUITests.xctest */;
			productType = "com.apple.product-type.bundle.ui-testing";
		};
/* End PBXNativeTarget section */

/* Begin PBXProject section */
		AD8B4F5223633358004AEC0E /* Project object */ = {
			isa = PBXProject;
			attributes = {
				LastSwiftUpdateCheck = 1100;
				LastUpgradeCheck = 1100;
				ORGANIZATIONNAME = "Сергей Бородин";
				TargetAttributes = {
					AD8B4F5923633358004AEC0E = {
						CreatedOnToolsVersion = 11.0;
					};
					AD8B4F6F2363335A004AEC0E = {
						CreatedOnToolsVersion = 11.0;
						TestTargetID = AD8B4F5923633358004AEC0E;
					};
					AD8B4F7A2363335A004AEC0E = {
						CreatedOnToolsVersion = 11.0;
						TestTargetID = AD8B4F5923633358004AEC0E;
					};
				};
			};
			buildConfigurationList = AD8B4F5523633358004AEC0E /* Build configuration list for PBXProject "Todo" */;
			compatibilityVersion = "Xcode 9.3";
			developmentRegion = en;
			hasScannedForEncodings = 0;
			knownRegions = (
				en,
				Base,
			);
			mainGroup = AD8B4F5123633358004AEC0E;
			productRefGroup = AD8B4F5B23633358004AEC0E /* Products */;
			projectDirPath = "";
			projectRoot = "";
			targets = (
				AD8B4F5923633358004AEC0E /* Todo */,
				AD8B4F6F2363335A004AEC0E /* TodoTests */,
				AD8B4F7A2363335A004AEC0E /* TodoUITests */,
			);
		};
/* End PBXProject section */

/* Begin PBXResourcesBuildPhase section */
		AD8B4F5823633358004AEC0E /* Resources */ = {
			isa = PBXResourcesBuildPhase;
			buildActionMask = 2147483647;
			files = (
				AD8B4F6A2363335A004AEC0E /* LaunchScreen.storyboard in Resources */,
				AD8B4F672363335A004AEC0E /* Preview Assets.xcassets in Resources */,
				AD8B4F642363335A004AEC0E /* Assets.xcassets in Resources */,
			);
			runOnlyForDeploymentPostprocessing = 0;
		};
		AD8B4F6E2363335A004AEC0E /* Resources */ = {
			isa = PBXResourcesBuildPhase;
			buildActionMask = 2147483647;
			files = (
			);
			runOnlyForDeploymentPostprocessing = 0;
		};
		AD8B4F792363335A004AEC0E /* Resources */ = {
			isa = PBXResourcesBuildPhase;
			buildActionMask = 2147483647;
			files = (
			);
			runOnlyForDeploymentPostprocessing = 0;
		};
/* End PBXResourcesBuildPhase section */

/* Begin PBXSourcesBuildPhase section */
		AD8B4F5623633358004AEC0E /* Sources */ = {
			isa = PBXSourcesBuildPhase;
			buildActionMask = 2147483647;
			files = (
				AD8B4F9123634CD1004AEC0E /* TodoList.swift in Sources */,
				AD8B4F9823634EFF004AEC0E /* SettingsView.swift in Sources */,
				AD8B4F9623634EE6004AEC0E /* TaskView.swift in Sources */,
				AD8B4F9C23643BB5004AEC0E /* MainView.swift in Sources */,
				AD8B4F5E23633358004AEC0E /* AppDelegate.swift in Sources */,
				AD8B4F8F23633410004AEC0E /* Task.swift in Sources */,
				AD8B4F6023633358004AEC0E /* SceneDelegate.swift in Sources */,
				AD8B4F9A23643753004AEC0E /* SideMenuContentView.swift in Sources */,
				AD8B4F9423634E64004AEC0E /* DashboardView.swift in Sources */,
				AD8B4F6223633358004AEC0E /* SideMenuView.swift in Sources */,
			);
			runOnlyForDeploymentPostprocessing = 0;
		};
		AD8B4F6C2363335A004AEC0E /* Sources */ = {
			isa = PBXSourcesBuildPhase;
			buildActionMask = 2147483647;
			files = (
				AD8B4F752363335A004AEC0E /* TodoTests.swift in Sources */,
			);
			runOnlyForDeploymentPostprocessing = 0;
		};
		AD8B4F772363335A004AEC0E /* Sources */ = {
			isa = PBXSourcesBuildPhase;
			buildActionMask = 2147483647;
			files = (
				AD8B4F802363335A004AEC0E /* TodoUITests.swift in Sources */,
			);
			runOnlyForDeploymentPostprocessing = 0;
		};
/* End PBXSourcesBuildPhase section */

/* Begin PBXTargetDependency section */
		AD8B4F722363335A004AEC0E /* PBXTargetDependency */ = {
			isa = PBXTargetDependency;
			target = AD8B4F5923633358004AEC0E /* Todo */;
			targetProxy = AD8B4F712363335A004AEC0E /* PBXContainerItemProxy */;
		};
		AD8B4F7D2363335A004AEC0E /* PBXTargetDependency */ = {
			isa = PBXTargetDependency;
			target = AD8B4F5923633358004AEC0E /* Todo */;
			targetProxy = AD8B4F7C2363335A004AEC0E /* PBXContainerItemProxy */;
		};
/* End PBXTargetDependency section */

/* Begin PBXVariantGroup section */
		AD8B4F682363335A004AEC0E /* LaunchScreen.storyboard */ = {
			isa = PBXVariantGroup;
			children = (
				AD8B4F692363335A004AEC0E /* Base */,
			);
			name = LaunchScreen.storyboard;
			sourceTree = "<group>";
		};
/* End PBXVariantGroup section */

/* Begin XCBuildConfiguration section */
		AD8B4F822363335A004AEC0E /* Debug */ = {
			isa = XCBuildConfiguration;
			buildSettings = {
				ALWAYS_SEARCH_USER_PATHS = NO;
				CLANG_ANALYZER_NONNULL = YES;
				CLANG_ANALYZER_NUMBER_OBJECT_CONVERSION = YES_AGGRESSIVE;
				CLANG_CXX_LANGUAGE_STANDARD = "gnu++14";
				CLANG_CXX_LIBRARY = "libc++";
				CLANG_ENABLE_MODULES = YES;
				CLANG_ENABLE_OBJC_ARC = YES;
				CLANG_ENABLE_OBJC_WEAK = YES;
				CLANG_WARN_BLOCK_CAPTURE_AUTORELEASING = YES;
				CLANG_WARN_BOOL_CONVERSION = YES;
				CLANG_WARN_COMMA = YES;
				CLANG_WARN_CONSTANT_CONVERSION = YES;
				CLANG_WARN_DEPRECATED_OBJC_IMPLEMENTATIONS = YES;
				CLANG_WARN_DIRECT_OBJC_ISA_USAGE = YES_ERROR;
				CLANG_WARN_DOCUMENTATION_COMMENTS = YES;
				CLANG_WARN_EMPTY_BODY = YES;
				CLANG_WARN_ENUM_CONVERSION = YES;
				CLANG_WARN_INFINITE_RECURSION = YES;
				CLANG_WARN_INT_CONVERSION = YES;
				CLANG_WARN_NON_LITERAL_NULL_CONVERSION = YES;
				CLANG_WARN_OBJC_IMPLICIT_RETAIN_SELF = YES;
				CLANG_WARN_OBJC_LITERAL_CONVERSION = YES;
				CLANG_WARN_OBJC_ROOT_CLASS = YES_ERROR;
				CLANG_WARN_RANGE_LOOP_ANALYSIS = YES;
				CLANG_WARN_STRICT_PROTOTYPES = YES;
				CLANG_WARN_SUSPICIOUS_MOVE = YES;
				CLANG_WARN_UNGUARDED_AVAILABILITY = YES_AGGRESSIVE;
				CLANG_WARN_UNREACHABLE_CODE = YES;
				CLANG_WARN__DUPLICATE_METHOD_MATCH = YES;
				COPY_PHASE_STRIP = NO;
				DEBUG_INFORMATION_FORMAT = dwarf;
				ENABLE_STRICT_OBJC_MSGSEND = YES;
				ENABLE_TESTABILITY = YES;
				GCC_C_LANGUAGE_STANDARD = gnu11;
				GCC_DYNAMIC_NO_PIC = NO;
				GCC_NO_COMMON_BLOCKS = YES;
				GCC_OPTIMIZATION_LEVEL = 0;
				GCC_PREPROCESSOR_DEFINITIONS = (
					"DEBUG=1",
					"$(inherited)",
				);
				GCC_WARN_64_TO_32_BIT_CONVERSION = YES;
				GCC_WARN_ABOUT_RETURN_TYPE = YES_ERROR;
				GCC_WARN_UNDECLARED_SELECTOR = YES;
				GCC_WARN_UNINITIALIZED_AUTOS = YES_AGGRESSIVE;
				GCC_WARN_UNUSED_FUNCTION = YES;
				GCC_WARN_UNUSED_VARIABLE = YES;
				IPHONEOS_DEPLOYMENT_TARGET = 13.0;
				MTL_ENABLE_DEBUG_INFO = INCLUDE_SOURCE;
				MTL_FAST_MATH = YES;
				ONLY_ACTIVE_ARCH = YES;
				SDKROOT = iphoneos;
				SWIFT_ACTIVE_COMPILATION_CONDITIONS = DEBUG;
				SWIFT_OPTIMIZATION_LEVEL = "-Onone";
			};
			name = Debug;
		};
		AD8B4F832363335A004AEC0E /* Release */ = {
			isa = XCBuildConfiguration;
			buildSettings = {
				ALWAYS_SEARCH_USER_PATHS = NO;
				CLANG_ANALYZER_NONNULL = YES;
				CLANG_ANALYZER_NUMBER_OBJECT_CONVERSION = YES_AGGRESSIVE;
				CLANG_CXX_LANGUAGE_STANDARD = "gnu++14";
				CLANG_CXX_LIBRARY = "libc++";
				CLANG_ENABLE_MODULES = YES;
				CLANG_ENABLE_OBJC_ARC = YES;
				CLANG_ENABLE_OBJC_WEAK = YES;
				CLANG_WARN_BLOCK_CAPTURE_AUTORELEASING = YES;
				CLANG_WARN_BOOL_CONVERSION = YES;
				CLANG_WARN_COMMA = YES;
				CLANG_WARN_CONSTANT_CONVERSION = YES;
				CLANG_WARN_DEPRECATED_OBJC_IMPLEMENTATIONS = YES;
				CLANG_WARN_DIRECT_OBJC_ISA_USAGE = YES_ERROR;
				CLANG_WARN_DOCUMENTATION_COMMENTS = YES;
				CLANG_WARN_EMPTY_BODY = YES;
				CLANG_WARN_ENUM_CONVERSION = YES;
				CLANG_WARN_INFINITE_RECURSION = YES;
				CLANG_WARN_INT_CONVERSION = YES;
				CLANG_WARN_NON_LITERAL_NULL_CONVERSION = YES;
				CLANG_WARN_OBJC_IMPLICIT_RETAIN_SELF = YES;
				CLANG_WARN_OBJC_LITERAL_CONVERSION = YES;
				CLANG_WARN_OBJC_ROOT_CLASS = YES_ERROR;
				CLANG_WARN_RANGE_LOOP_ANALYSIS = YES;
				CLANG_WARN_STRICT_PROTOTYPES = YES;
				CLANG_WARN_SUSPICIOUS_MOVE = YES;
				CLANG_WARN_UNGUARDED_AVAILABILITY = YES_AGGRESSIVE;
				CLANG_WARN_UNREACHABLE_CODE = YES;
				CLANG_WARN__DUPLICATE_METHOD_MATCH = YES;
				COPY_PHASE_STRIP = NO;
				DEBUG_INFORMATION_FORMAT = "dwarf-with-dsym";
				ENABLE_NS_ASSERTIONS = NO;
				ENABLE_STRICT_OBJC_MSGSEND = YES;
				GCC_C_LANGUAGE_STANDARD = gnu11;
				GCC_NO_COMMON_BLOCKS = YES;
				GCC_WARN_64_TO_32_BIT_CONVERSION = YES;
				GCC_WARN_ABOUT_RETURN_TYPE = YES_ERROR;
				GCC_WARN_UNDECLARED_SELECTOR = YES;
				GCC_WARN_UNINITIALIZED_AUTOS = YES_AGGRESSIVE;
				GCC_WARN_UNUSED_FUNCTION = YES;
				GCC_WARN_UNUSED_VARIABLE = YES;
				IPHONEOS_DEPLOYMENT_TARGET = 13.0;
				MTL_ENABLE_DEBUG_INFO = NO;
				MTL_FAST_MATH = YES;
				SDKROOT = iphoneos;
				SWIFT_COMPILATION_MODE = wholemodule;
				SWIFT_OPTIMIZATION_LEVEL = "-O";
				VALIDATE_PRODUCT = YES;
			};
			name = Release;
		};
		AD8B4F852363335A004AEC0E /* Debug */ = {
			isa = XCBuildConfiguration;
			buildSettings = {
				ASSETCATALOG_COMPILER_APPICON_NAME = AppIcon;
				CODE_SIGN_STYLE = Automatic;
				DEVELOPMENT_ASSET_PATHS = "\"Todo/Preview Content\"";
				DEVELOPMENT_TEAM = DA5K72M386;
				ENABLE_PREVIEWS = YES;
				INFOPLIST_FILE = Todo/Info.plist;
				LD_RUNPATH_SEARCH_PATHS = (
					"$(inherited)",
					"@executable_path/Frameworks",
				);
				PRODUCT_BUNDLE_IDENTIFIER = sb.Todo;
				PRODUCT_NAME = "$(TARGET_NAME)";
				SWIFT_VERSION = 5.0;
				TARGETED_DEVICE_FAMILY = "1,2";
			};
			name = Debug;
		};
		AD8B4F862363335A004AEC0E /* Release */ = {
			isa = XCBuildConfiguration;
			buildSettings = {
				ASSETCATALOG_COMPILER_APPICON_NAME = AppIcon;
				CODE_SIGN_STYLE = Automatic;
				DEVELOPMENT_ASSET_PATHS = "\"Todo/Preview Content\"";
				DEVELOPMENT_TEAM = DA5K72M386;
				ENABLE_PREVIEWS = YES;
				INFOPLIST_FILE = Todo/Info.plist;
				LD_RUNPATH_SEARCH_PATHS = (
					"$(inherited)",
					"@executable_path/Frameworks",
				);
				PRODUCT_BUNDLE_IDENTIFIER = sb.Todo;
				PRODUCT_NAME = "$(TARGET_NAME)";
				SWIFT_VERSION = 5.0;
				TARGETED_DEVICE_FAMILY = "1,2";
			};
			name = Release;
		};
		AD8B4F882363335A004AEC0E /* Debug */ = {
			isa = XCBuildConfiguration;
			buildSettings = {
				ALWAYS_EMBED_SWIFT_STANDARD_LIBRARIES = YES;
				BUNDLE_LOADER = "$(TEST_HOST)";
				CODE_SIGN_STYLE = Automatic;
				DEVELOPMENT_TEAM = DA5K72M386;
				INFOPLIST_FILE = TodoTests/Info.plist;
				IPHONEOS_DEPLOYMENT_TARGET = 13.0;
				LD_RUNPATH_SEARCH_PATHS = (
					"$(inherited)",
					"@executable_path/Frameworks",
					"@loader_path/Frameworks",
				);
				PRODUCT_BUNDLE_IDENTIFIER = sb.TodoTests;
				PRODUCT_NAME = "$(TARGET_NAME)";
				SWIFT_VERSION = 5.0;
				TARGETED_DEVICE_FAMILY = "1,2";
				TEST_HOST = "$(BUILT_PRODUCTS_DIR)/Todo.app/Todo";
			};
			name = Debug;
		};
		AD8B4F892363335A004AEC0E /* Release */ = {
			isa = XCBuildConfiguration;
			buildSettings = {
				ALWAYS_EMBED_SWIFT_STANDARD_LIBRARIES = YES;
				BUNDLE_LOADER = "$(TEST_HOST)";
				CODE_SIGN_STYLE = Automatic;
				DEVELOPMENT_TEAM = DA5K72M386;
				INFOPLIST_FILE = TodoTests/Info.plist;
				IPHONEOS_DEPLOYMENT_TARGET = 13.0;
				LD_RUNPATH_SEARCH_PATHS = (
					"$(inherited)",
					"@executable_path/Frameworks",
					"@loader_path/Frameworks",
				);
				PRODUCT_BUNDLE_IDENTIFIER = sb.TodoTests;
				PRODUCT_NAME = "$(TARGET_NAME)";
				SWIFT_VERSION = 5.0;
				TARGETED_DEVICE_FAMILY = "1,2";
				TEST_HOST = "$(BUILT_PRODUCTS_DIR)/Todo.app/Todo";
			};
			name = Release;
		};
		AD8B4F8B2363335A004AEC0E /* Debug */ = {
			isa = XCBuildConfiguration;
			buildSettings = {
				ALWAYS_EMBED_SWIFT_STANDARD_LIBRARIES = YES;
				CODE_SIGN_STYLE = Automatic;
				DEVELOPMENT_TEAM = DA5K72M386;
				INFOPLIST_FILE = TodoUITests/Info.plist;
				LD_RUNPATH_SEARCH_PATHS = (
					"$(inherited)",
					"@executable_path/Frameworks",
					"@loader_path/Frameworks",
				);
				PRODUCT_BUNDLE_IDENTIFIER = sb.TodoUITests;
				PRODUCT_NAME = "$(TARGET_NAME)";
				SWIFT_VERSION = 5.0;
				TARGETED_DEVICE_FAMILY = "1,2";
				TEST_TARGET_NAME = Todo;
			};
			name = Debug;
		};
		AD8B4F8C2363335A004AEC0E /* Release */ = {
			isa = XCBuildConfiguration;
			buildSettings = {
				ALWAYS_EMBED_SWIFT_STANDARD_LIBRARIES = YES;
				CODE_SIGN_STYLE = Automatic;
				DEVELOPMENT_TEAM = DA5K72M386;
				INFOPLIST_FILE = TodoUITests/Info.plist;
				LD_RUNPATH_SEARCH_PATHS = (
					"$(inherited)",
					"@executable_path/Frameworks",
					"@loader_path/Frameworks",
				);
				PRODUCT_BUNDLE_IDENTIFIER = sb.TodoUITests;
				PRODUCT_NAME = "$(TARGET_NAME)";
				SWIFT_VERSION = 5.0;
				TARGETED_DEVICE_FAMILY = "1,2";
				TEST_TARGET_NAME = Todo;
			};
			name = Release;
		};
/* End XCBuildConfiguration section */

/* Begin XCConfigurationList section */
		AD8B4F5523633358004AEC0E /* Build configuration list for PBXProject "Todo" */ = {
			isa = XCConfigurationList;
			buildConfigurations = (
				AD8B4F822363335A004AEC0E /* Debug */,
				AD8B4F832363335A004AEC0E /* Release */,
			);
			defaultConfigurationIsVisible = 0;
			defaultConfigurationName = Release;
		};
		AD8B4F842363335A004AEC0E /* Build configuration list for PBXNativeTarget "Todo" */ = {
			isa = XCConfigurationList;
			buildConfigurations = (
				AD8B4F852363335A004AEC0E /* Debug */,
				AD8B4F862363335A004AEC0E /* Release */,
			);
			defaultConfigurationIsVisible = 0;
			defaultConfigurationName = Release;
		};
		AD8B4F872363335A004AEC0E /* Build configuration list for PBXNativeTarget "TodoTests" */ = {
			isa = XCConfigurationList;
			buildConfigurations = (
				AD8B4F882363335A004AEC0E /* Debug */,
				AD8B4F892363335A004AEC0E /* Release */,
			);
			defaultConfigurationIsVisible = 0;
			defaultConfigurationName = Release;
		};
		AD8B4F8A2363335A004AEC0E /* Build configuration list for PBXNativeTarget "TodoUITests" */ = {
			isa = XCConfigurationList;
			buildConfigurations = (
				AD8B4F8B2363335A004AEC0E /* Debug */,
				AD8B4F8C2363335A004AEC0E /* Release */,
			);
			defaultConfigurationIsVisible = 0;
			defaultConfigurationName = Release;
		};
/* End XCConfigurationList section */
	};
	rootObject = AD8B4F5223633358004AEC0E /* Project object */;
}
